
Microsoft Visual Studio Solution File, Format Version 12.00
# Visual Studio Version 16
VisualStudioVersion = 16.0.34114.132
MinimumVisualStudioVersion = 10.0.40219.1
Project("{2150E333-8FDC-42A3-9474-1A3956D46DE8}") = "Task0", "Task0", "{AD698801-5CA8-4584-9AA7-DF02DB17EDE9}"
EndProject
Project("{FAE04EC0-301F-11D3-BF4B-00C04F79EFBC}") = "Tyuiu.LoginovMV.Sprint5.Task0.V14", "Tyuiu.LoginovMV.Sprint5.Task0.V14\Tyuiu.LoginovMV.Sprint5.Task0.V14.csproj", "{1C342EA2-3D44-4462-AD0A-B94A16E89908}"
EndProject
Project("{FAE04EC0-301F-11D3-BF4B-00C04F79EFBC}") = "Tyuiu.LoginovMV.Sprint5.Task0.V14.Lib", "Tyuiu.LoginovMV.Sprint5.Task0.V14.Lib\Tyuiu.LoginovMV.Sprint5.Task0.V14.Lib.csproj", "{90ED3DDF-C285-45C1-8648-10B87AC07383}"
EndProject
Project("{FAE04EC0-301F-11D3-BF4B-00C04F79EFBC}") = "Tyuiu.LoginovMV.Sprint5.Task0.V14.Test", "Tyuiu.LoginovMV.Sprint5.Task0.V14.Test\Tyuiu.LoginovMV.Sprint5.Task0.V14.Test.csproj", "{FA826768-0129-4208-9397-CA5A117B7643}"
EndProject
Project("{2150E333-8FDC-42A3-9474-1A3956D46DE8}") = "Task1", "Task1", "{3721CBCC-0893-4C24-ADD6-F309791FD0BE}"
EndProject
Project("{FAE04EC0-301F-11D3-BF4B-00C04F79EFBC}") = "Tyuiu.LoginovMV.Sprint5.Task1.V15", "Tyuiu.LoginovMV.Sprint5.Task1.V15\Tyuiu.LoginovMV.Sprint5.Task1.V15.csproj", "{9084BC5C-9911-4BAD-80EE-F2C529F28A2F}"
EndProject
Project("{FAE04EC0-301F-11D3-BF4B-00C04F79EFBC}") = "Tyuiu.LoginovMV.Sprint5.Task1.V15.Lib", "Tyuiu.LoginovMV.Sprint5.Task1.V15.Lib\Tyuiu.LoginovMV.Sprint5.Task1.V15.Lib.csproj", "{7C366711-549F-4A3E-9C52-BFE659723295}"
EndProject
Project("{FAE04EC0-301F-11D3-BF4B-00C04F79EFBC}") = "Tyuiu.LoginovMV.Sprint5.Task1.V15.Test", "Tyuiu.LoginovMV.Sprint5.Task1.V15.Test\Tyuiu.LoginovMV.Sprint5.Task1.V15.Test.csproj", "{164B904A-1884-4C04-B8F2-0756B922EB08}"
EndProject
Project("{2150E333-8FDC-42A3-9474-1A3956D46DE8}") = "Task2", "Task2", "{6293F52D-8A66-4505-BE2F-4E6438FEA1EF}"
EndProject
Project("{FAE04EC0-301F-11D3-BF4B-00C04F79EFBC}") = "Tyuiu.LoginovMV.Sprint5.Task2.V12", "Tyuiu.LoginovMV.Sprint5.Task2.V12\Tyuiu.LoginovMV.Sprint5.Task2.V12.csproj", "{5968872A-A689-41C4-9332-13A84198C5B4}"
EndProject
Project("{FAE04EC0-301F-11D3-BF4B-00C04F79EFBC}") = "Tyuiu.LoginovMV.Sprint5.Task2.V12.Lib", "Tyuiu.LoginovMV.Sprint5.Task2.V12.Lib\Tyuiu.LoginovMV.Sprint5.Task2.V12.Lib.csproj", "{FA2194A6-01AD-4CC9-BEA4-2A1A0C0CB56A}"
EndProject
Project("{FAE04EC0-301F-11D3-BF4B-00C04F79EFBC}") = "Tyuiu.LoginovMV.Sprint5.Task2.V12.Test", "Tyuiu.LoginovMV.Sprint5.Task2.V12.Test\Tyuiu.LoginovMV.Sprint5.Task2.V12.Test.csproj", "{5D570A82-8042-4E26-951A-4A9C1FFC572D}"
EndProject
Project("{2150E333-8FDC-42A3-9474-1A3956D46DE8}") = "Task3", "Task3", "{32592A8D-84C7-4CAC-9FC1-6C995FF0DD6C}"
EndProject
Project("{FAE04EC0-301F-11D3-BF4B-00C04F79EFBC}") = "Tyuiu.LoginovMV.Sprint5.Task3.V11", "Tyuiu.LoginovMV.Sprint5.Task3.V11\Tyuiu.LoginovMV.Sprint5.Task3.V11.csproj", "{8D8E1CC4-F166-4C70-BDE0-7559A1BFA190}"
EndProject
Project("{FAE04EC0-301F-11D3-BF4B-00C04F79EFBC}") = "Tyuiu.LoginovMV.Sprint5.Task3.V11.Lib", "Tyuiu.LoginovMV.Sprint5.Task3.V11.Lib\Tyuiu.LoginovMV.Sprint5.Task3.V11.Lib.csproj", "{B99BC654-3693-4204-B72A-CC692D9B55E6}"
EndProject
Project("{FAE04EC0-301F-11D3-BF4B-00C04F79EFBC}") = "Tyuiu.LoginovMV.Sprint5.Task3.V11.Test", "Tyuiu.LoginovMV.Sprint5.Task3.V11.Test\Tyuiu.LoginovMV.Sprint5.Task3.V11.Test.csproj", "{7ECEAF6A-298B-48FA-AA22-FC03F9A1CFD0}"
EndProject
Global
	GlobalSection(SolutionConfigurationPlatforms) = preSolution
		Debug|Any CPU = Debug|Any CPU
		Release|Any CPU = Release|Any CPU
	EndGlobalSection
	GlobalSection(ProjectConfigurationPlatforms) = postSolution
		{1C342EA2-3D44-4462-AD0A-B94A16E89908}.Debug|Any CPU.ActiveCfg = Debug|Any CPU
		{1C342EA2-3D44-4462-AD0A-B94A16E89908}.Debug|Any CPU.Build.0 = Debug|Any CPU
		{1C342EA2-3D44-4462-AD0A-B94A16E89908}.Release|Any CPU.ActiveCfg = Release|Any CPU
		{1C342EA2-3D44-4462-AD0A-B94A16E89908}.Release|Any CPU.Build.0 = Release|Any CPU
		{90ED3DDF-C285-45C1-8648-10B87AC07383}.Debug|Any CPU.ActiveCfg = Debug|Any CPU
		{90ED3DDF-C285-45C1-8648-10B87AC07383}.Debug|Any CPU.Build.0 = Debug|Any CPU
		{90ED3DDF-C285-45C1-8648-10B87AC07383}.Release|Any CPU.ActiveCfg = Release|Any CPU
		{90ED3DDF-C285-45C1-8648-10B87AC07383}.Release|Any CPU.Build.0 = Release|Any CPU
		{FA826768-0129-4208-9397-CA5A117B7643}.Debug|Any CPU.ActiveCfg = Debug|Any CPU
		{FA826768-0129-4208-9397-CA5A117B7643}.Debug|Any CPU.Build.0 = Debug|Any CPU
		{FA826768-0129-4208-9397-CA5A117B7643}.Release|Any CPU.ActiveCfg = Release|Any CPU
		{FA826768-0129-4208-9397-CA5A117B7643}.Release|Any CPU.Build.0 = Release|Any CPU
		{9084BC5C-9911-4BAD-80EE-F2C529F28A2F}.Debug|Any CPU.ActiveCfg = Debug|Any CPU
		{9084BC5C-9911-4BAD-80EE-F2C529F28A2F}.Debug|Any CPU.Build.0 = Debug|Any CPU
		{9084BC5C-9911-4BAD-80EE-F2C529F28A2F}.Release|Any CPU.ActiveCfg = Release|Any CPU
		{9084BC5C-9911-4BAD-80EE-F2C529F28A2F}.Release|Any CPU.Build.0 = Release|Any CPU
		{7C366711-549F-4A3E-9C52-BFE659723295}.Debug|Any CPU.ActiveCfg = Debug|Any CPU
		{7C366711-549F-4A3E-9C52-BFE659723295}.Debug|Any CPU.Build.0 = Debug|Any CPU
		{7C366711-549F-4A3E-9C52-BFE659723295}.Release|Any CPU.ActiveCfg = Release|Any CPU
		{7C366711-549F-4A3E-9C52-BFE659723295}.Release|Any CPU.Build.0 = Release|Any CPU
		{164B904A-1884-4C04-B8F2-0756B922EB08}.Debug|Any CPU.ActiveCfg = Debug|Any CPU
		{164B904A-1884-4C04-B8F2-0756B922EB08}.Debug|Any CPU.Build.0 = Debug|Any CPU
		{164B904A-1884-4C04-B8F2-0756B922EB08}.Release|Any CPU.ActiveCfg = Release|Any CPU
		{164B904A-1884-4C04-B8F2-0756B922EB08}.Release|Any CPU.Build.0 = Release|Any CPU
		{5968872A-A689-41C4-9332-13A84198C5B4}.Debug|Any CPU.ActiveCfg = Debug|Any CPU
		{5968872A-A689-41C4-9332-13A84198C5B4}.Debug|Any CPU.Build.0 = Debug|Any CPU
		{5968872A-A689-41C4-9332-13A84198C5B4}.Release|Any CPU.ActiveCfg = Release|Any CPU
		{5968872A-A689-41C4-9332-13A84198C5B4}.Release|Any CPU.Build.0 = Release|Any CPU
		{FA2194A6-01AD-4CC9-BEA4-2A1A0C0CB56A}.Debug|Any CPU.ActiveCfg = Debug|Any CPU
		{FA2194A6-01AD-4CC9-BEA4-2A1A0C0CB56A}.Debug|Any CPU.Build.0 = Debug|Any CPU
		{FA2194A6-01AD-4CC9-BEA4-2A1A0C0CB56A}.Release|Any CPU.ActiveCfg = Release|Any CPU
		{FA2194A6-01AD-4CC9-BEA4-2A1A0C0CB56A}.Release|Any CPU.Build.0 = Release|Any CPU
		{5D570A82-8042-4E26-951A-4A9C1FFC572D}.Debug|Any CPU.ActiveCfg = Debug|Any CPU
		{5D570A82-8042-4E26-951A-4A9C1FFC572D}.Debug|Any CPU.Build.0 = Debug|Any CPU
		{5D570A82-8042-4E26-951A-4A9C1FFC572D}.Release|Any CPU.ActiveCfg = Release|Any CPU
		{5D570A82-8042-4E26-951A-4A9C1FFC572D}.Release|Any CPU.Build.0 = Release|Any CPU
		{8D8E1CC4-F166-4C70-BDE0-7559A1BFA190}.Debug|Any CPU.ActiveCfg = Debug|Any CPU
		{8D8E1CC4-F166-4C70-BDE0-7559A1BFA190}.Debug|Any CPU.Build.0 = Debug|Any CPU
		{8D8E1CC4-F166-4C70-BDE0-7559A1BFA190}.Release|Any CPU.ActiveCfg = Release|Any CPU
		{8D8E1CC4-F166-4C70-BDE0-7559A1BFA190}.Release|Any CPU.Build.0 = Release|Any CPU
		{B99BC654-3693-4204-B72A-CC692D9B55E6}.Debug|Any CPU.ActiveCfg = Debug|Any CPU
		{B99BC654-3693-4204-B72A-CC692D9B55E6}.Debug|Any CPU.Build.0 = Debug|Any CPU
		{B99BC654-3693-4204-B72A-CC692D9B55E6}.Release|Any CPU.ActiveCfg = Release|Any CPU
		{B99BC654-3693-4204-B72A-CC692D9B55E6}.Release|Any CPU.Build.0 = Release|Any CPU
		{7ECEAF6A-298B-48FA-AA22-FC03F9A1CFD0}.Debug|Any CPU.ActiveCfg = Debug|Any CPU
		{7ECEAF6A-298B-48FA-AA22-FC03F9A1CFD0}.Debug|Any CPU.Build.0 = Debug|Any CPU
		{7ECEAF6A-298B-48FA-AA22-FC03F9A1CFD0}.Release|Any CPU.ActiveCfg = Release|Any CPU
		{7ECEAF6A-298B-48FA-AA22-FC03F9A1CFD0}.Release|Any CPU.Build.0 = Release|Any CPU
	EndGlobalSection
	GlobalSection(SolutionProperties) = preSolution
		HideSolutionNode = FALSE
	EndGlobalSection
	GlobalSection(NestedProjects) = preSolution
		{1C342EA2-3D44-4462-AD0A-B94A16E89908} = {AD698801-5CA8-4584-9AA7-DF02DB17EDE9}
		{90ED3DDF-C285-45C1-8648-10B87AC07383} = {AD698801-5CA8-4584-9AA7-DF02DB17EDE9}
		{FA826768-0129-4208-9397-CA5A117B7643} = {AD698801-5CA8-4584-9AA7-DF02DB17EDE9}
		{9084BC5C-9911-4BAD-80EE-F2C529F28A2F} = {3721CBCC-0893-4C24-ADD6-F309791FD0BE}
		{7C366711-549F-4A3E-9C52-BFE659723295} = {3721CBCC-0893-4C24-ADD6-F309791FD0BE}
		{164B904A-1884-4C04-B8F2-0756B922EB08} = {3721CBCC-0893-4C24-ADD6-F309791FD0BE}
		{5968872A-A689-41C4-9332-13A84198C5B4} = {6293F52D-8A66-4505-BE2F-4E6438FEA1EF}
		{FA2194A6-01AD-4CC9-BEA4-2A1A0C0CB56A} = {6293F52D-8A66-4505-BE2F-4E6438FEA1EF}
		{5D570A82-8042-4E26-951A-4A9C1FFC572D} = {6293F52D-8A66-4505-BE2F-4E6438FEA1EF}
		{8D8E1CC4-F166-4C70-BDE0-7559A1BFA190} = {32592A8D-84C7-4CAC-9FC1-6C995FF0DD6C}
		{B99BC654-3693-4204-B72A-CC692D9B55E6} = {32592A8D-84C7-4CAC-9FC1-6C995FF0DD6C}
		{7ECEAF6A-298B-48FA-AA22-FC03F9A1CFD0} = {32592A8D-84C7-4CAC-9FC1-6C995FF0DD6C}
	EndGlobalSection
	GlobalSection(ExtensibilityGlobals) = postSolution
		SolutionGuid = {FD6B11D9-0DC6-4130-A133-39C4731D86FD}
	EndGlobalSection
EndGlobal
